{
  "name": "things-server-test",
  "lockfileVersion": 2,
  "requires": true,
  "packages": {
    "": {
      "dependencies": {
        "tuyacloudnodejs": "^1.0.5"
      }
    },
    "node_modules/amdefine": {
      "version": "1.0.1",
      "resolved": "https://registry.npmjs.org/amdefine/-/amdefine-1.0.1.tgz",
      "integrity": "sha1-SlKCrBZHKek2Gbz9OtFR+BfOkfU=",
      "engines": {
        "node": ">=0.4.2"
      }
    },
    "node_modules/async": {
      "version": "0.2.10",
      "resolved": "https://registry.npmjs.org/async/-/async-0.2.10.tgz",
      "integrity": "sha1-trvgsGdLnXGXCMo43owjfLUmw9E="
    },
    "node_modules/crypto": {
      "version": "0.0.3",
      "resolved": "https://registry.npmjs.org/crypto/-/crypto-0.0.3.tgz",
      "integrity": "sha1-RwqBuGvkxe4XrMggeh9TFa4g27A=",
      "deprecated": "This package is no longer supported. It's now a built-in Node module. If you've depended on crypto, you should switch to the one that's built-in.",
      "engines": {
        "node": "*"
      }
    },
    "node_modules/optimist": {
      "version": "0.3.7",
      "resolved": "https://registry.npmjs.org/optimist/-/optimist-0.3.7.tgz",
      "integrity": "sha1-yQlBrVnkJzMokjB00s8ufLxuwNk=",
      "dependencies": {
        "wordwrap": "~0.0.2"
      }
    },
    "node_modules/require": {
      "version": "0.5.1",
      "resolved": "https://registry.npmjs.org/require/-/require-0.5.1.tgz",
      "integrity": "sha1-BKbFWrw/Kr1XoVWyDq7qNU6BxSM=",
      "dependencies": {
        "std": "0.1.40",
        "uglify-js": "2.3.0"
      },
      "bin": {
        "require": "bin/require-command.js"
      },
      "engines": {
        "browsers": "*",
        "node": "*"
      }
    },
    "node_modules/source-map": {
      "version": "0.1.43",
      "resolved": "https://registry.npmjs.org/source-map/-/source-map-0.1.43.tgz",
      "integrity": "sha1-wkvBRspRfBRx9drL4lcbK3+eM0Y=",
      "dependencies": {
        "amdefine": ">=0.0.4"
      },
      "engines": {
        "node": ">=0.8.0"
      }
    },
    "node_modules/std": {
      "version": "0.1.40",
      "resolved": "https://registry.npmjs.org/std/-/std-0.1.40.tgz",
      "integrity": "sha1-Nnil9lCU2eG2teJu2/wCErg0K3E=",
      "engines": {
        "node": "*"
      }
    },
    "node_modules/tuyacloudnodejs": {
      "version": "1.0.5",
      "resolved": "https://registry.npmjs.org/tuyacloudnodejs/-/tuyacloudnodejs-1.0.5.tgz",
      "integrity": "sha512-cQKXE3ZSA5+KqjKmoaZLio26vp3NA0opn8ZcFTXFJ/UG4HYugxPNMaSHu591YQ02XYrpY8PKx6qq2/f9szlzvg==",
      "dependencies": {
        "crypto": "~0.0.3",
        "require": "~0.5.1"
      }
    },
    "node_modules/uglify-js": {
      "version": "2.3.0",
      "resolved": "https://registry.npmjs.org/uglify-js/-/uglify-js-2.3.0.tgz",
      "integrity": "sha1-LN7BbTeKiituz7aYl4TPi3rlSR8=",
      "dependencies": {
        "async": "~0.2.6",
        "optimist": "~0.3.5",
        "source-map": "~0.1.7"
      },
      "bin": {
        "uglifyjs": "bin/uglifyjs"
      },
      "engines": {
        "node": ">=0.4.0"
      }
    },
    "node_modules/wordwrap": {
      "version": "0.0.3",
      "resolved": "https://registry.npmjs.org/wordwrap/-/wordwrap-0.0.3.tgz",
      "integrity": "sha1-o9XabNXAvAAI03I0u68b7WMFkQc=",
      "engines": {
        "node": ">=0.4.0"
      }
    }
  },
  "dependencies": {
    "amdefine": {
      "version": "1.0.1",
      "resolved": "https://registry.npmjs.org/amdefine/-/amdefine-1.0.1.tgz",
      "integrity": "sha1-SlKCrBZHKek2Gbz9OtFR+BfOkfU="
    },
    "async": {
      "version": "0.2.10",
      "resolved": "https://registry.npmjs.org/async/-/async-0.2.10.tgz",
      "integrity": "sha1-trvgsGdLnXGXCMo43owjfLUmw9E="
    },
    "crypto": {
      "version": "0.0.3",
      "resolved": "https://registry.npmjs.org/crypto/-/crypto-0.0.3.tgz",
      "integrity": "sha1-RwqBuGvkxe4XrMggeh9TFa4g27A="
    },
    "optimist": {
      "version": "0.3.7",
      "resolved": "https://registry.npmjs.org/optimist/-/optimist-0.3.7.tgz",
      "integrity": "sha1-yQlBrVnkJzMokjB00s8ufLxuwNk=",
      "requires": {
        "wordwrap": "~0.0.2"
      }
    },
    "require": {
      "version": "0.5.1",
      "resolved": "https://registry.npmjs.org/require/-/require-0.5.1.tgz",
      "integrity": "sha1-BKbFWrw/Kr1XoVWyDq7qNU6BxSM=",
      "requires": {
        "std": "0.1.40",
        "uglify-js": "2.3.0"
      }
    },
    "source-map": {
      "version": "0.1.43",
      "resolved": "https://registry.npmjs.org/source-map/-/source-map-0.1.43.tgz",
      "integrity": "sha1-wkvBRspRfBRx9drL4lcbK3+eM0Y=",
      "requires": {
        "amdefine": ">=0.0.4"
      }
    },
    "std": {
      "version": "0.1.40",
      "resolved": "https://registry.npmjs.org/std/-/std-0.1.40.tgz",
      "integrity": "sha1-Nnil9lCU2eG2teJu2/wCErg0K3E="
    },
    "tuyacloudnodejs": {
      "version": "1.0.5",
      "resolved": "https://registry.npmjs.org/tuyacloudnodejs/-/tuyacloudnodejs-1.0.5.tgz",
      "integrity": "sha512-cQKXE3ZSA5+KqjKmoaZLio26vp3NA0opn8ZcFTXFJ/UG4HYugxPNMaSHu591YQ02XYrpY8PKx6qq2/f9szlzvg==",
      "requires": {
        "crypto": "~0.0.3",
        "require": "~0.5.1"
      }
    },
    "uglify-js": {
      "version": "2.3.0",
      "resolved": "https://registry.npmjs.org/uglify-js/-/uglify-js-2.3.0.tgz",
      "integrity": "sha1-LN7BbTeKiituz7aYl4TPi3rlSR8=",
      "requires": {
        "async": "~0.2.6",
        "optimist": "~0.3.5",
        "source-map": "~0.1.7"
      }
    },
    "wordwrap": {
      "version": "0.0.3",
      "resolved": "https://registry.npmjs.org/wordwrap/-/wordwrap-0.0.3.tgz",
      "integrity": "sha1-o9XabNXAvAAI03I0u68b7WMFkQc="
    }
  }
}
